
Microsoft Visual Studio Solution File, Format Version 12.00
# Visual Studio 2015
Project("{FAE04EC0-301F-11D3-BF4B-00C04F79EFBC}") = "Ball(version 2705).CSharp.Plugins", "Ball(version 2705).CSharp.Plugins.csproj", "{5865744D-14A1-06D8-5ADE-75617999661A}"
EndProject
Project("{FAE04EC0-301F-11D3-BF4B-00C04F79EFBC}") = "Ball(version 2705).CSharp", "Ball(version 2705).CSharp.csproj", "{EC2C8583-2A29-CE8E-795A-CAD7D98AAEFF}"
EndProject
Global
	GlobalSection(SolutionConfigurationPlatforms) = preSolution
		Debug|Any CPU = Debug|Any CPU
		Release|Any CPU = Release|Any CPU
	EndGlobalSection
	GlobalSection(ProjectConfigurationPlatforms) = postSolution
		{5865744D-14A1-06D8-5ADE-75617999661A}.Debug|Any CPU.ActiveCfg = Debug|Any CPU
		{5865744D-14A1-06D8-5ADE-75617999661A}.Debug|Any CPU.Build.0 = Debug|Any CPU
		{5865744D-14A1-06D8-5ADE-75617999661A}.Release|Any CPU.ActiveCfg = Release|Any CPU
		{5865744D-14A1-06D8-5ADE-75617999661A}.Release|Any CPU.Build.0 = Release|Any CPU
		{EC2C8583-2A29-CE8E-795A-CAD7D98AAEFF}.Debug|Any CPU.ActiveCfg = Debug|Any CPU
		{EC2C8583-2A29-CE8E-795A-CAD7D98AAEFF}.Debug|Any CPU.Build.0 = Debug|Any CPU
		{EC2C8583-2A29-CE8E-795A-CAD7D98AAEFF}.Release|Any CPU.ActiveCfg = Release|Any CPU
		{EC2C8583-2A29-CE8E-795A-CAD7D98AAEFF}.Release|Any CPU.Build.0 = Release|Any CPU
	EndGlobalSection
	GlobalSection(SolutionProperties) = preSolution
		HideSolutionNode = FALSE
	EndGlobalSection
EndGlobal
